{
  "object": {
    "pins": [
      {
        "package": "abem",
        "repositoryURL": "/Users/manel.montilla/develop/abem",
        "state": {
          "branch": "master",
          "revision": "01f115e2384c7b1793db95d0712a676a714dc0fd",
          "version": null
        }
      },
      {
        "package": "Sodium",
        "repositoryURL": "git@github.com:jedisct1/swift-sodium.git",
        "state": {
          "branch": null,
          "revision": "4f9164a0a2c9a6a7ff53a2833d54a5c79c957342",
          "version": "0.9.1"
        }
      }
    ]
  },
  "version": 1
}
