{
  "object": {
    "pins": [
      {
        "package": "abem",
        "repositoryURL": "/Users/manel.montilla/develop/abem",
        "state": {
          "branch": "master",
          "revision": "6e0044088bd1ac25f0294d2bac96356e4c26d268",
          "version": null
        }
      },
      {
        "package": "Down",
        "repositoryURL": "git@github.com:johnxnguyen/Down.git",
        "state": {
          "branch": null,
          "revision": "731f6bbab24ab208ea2d6a944e3f8a8a9d5273c7",
          "version": "0.9.4"
        }
      },
      {
        "package": "Parma",
        "repositoryURL": "git@github.com:dasautoooo/Parma.git",
        "state": {
          "branch": null,
          "revision": "5aa1de6cdbbd37a38d56f3b55bed94d1dc48ec96",
          "version": "0.2.0"
        }
      },
      {
        "package": "Sodium",
        "repositoryURL": "git@github.com:jedisct1/swift-sodium.git",
        "state": {
          "branch": null,
          "revision": "4f9164a0a2c9a6a7ff53a2833d54a5c79c957342",
          "version": "0.9.1"
        }
      }
    ]
  },
  "version": 1
}
