{
  "object": {
    "pins": [
      {
        "package": "abem",
        "repositoryURL": "git@github.com:manelmontilla/abem.git",
        "state": {
          "branch": "master",
          "revision": "bb3569e4202ab4bd1473c71bf88d0155193030dc",
          "version": null
        }
      },
      {
        "package": "Clibsodium",
        "repositoryURL": "git@github.com:manelmontilla/clibsodium-xcframework",
        "state": {
          "branch": null,
          "revision": "7d07eaac8f6fc7ad3248b1a8c601e0c098c552dc",
          "version": "0.9.2"
        }
      },
      {
        "package": "Down",
        "repositoryURL": "git@github.com:johnxnguyen/Down.git",
        "state": {
          "branch": null,
          "revision": "731f6bbab24ab208ea2d6a944e3f8a8a9d5273c7",
          "version": "0.9.4"
        }
      },
      {
        "package": "Parma",
        "repositoryURL": "git@github.com:dasautoooo/Parma.git",
        "state": {
          "branch": null,
          "revision": "5aa1de6cdbbd37a38d56f3b55bed94d1dc48ec96",
          "version": "0.2.0"
        }
      },
      {
        "package": "Sodium",
        "repositoryURL": "git@github.com:manelmontilla/swift-sodium",
        "state": {
          "branch": "master",
          "revision": "532831abaa17595bd6a219eeee98a7794ea316b7",
          "version": null
        }
      }
    ]
  },
  "version": 1
}
